
Microsoft Visual Studio Solution File, Format Version 12.00
# Visual Studio Version 17
VisualStudioVersion = 17.11.35327.3
MinimumVisualStudioVersion = 10.0.40219.1
Project("{FAE04EC0-301F-11D3-BF4B-00C04F79EFBC}") = "Flor", "Flor.csproj", "{C773A357-015B-4361-944B-015446AFD1E8}"
EndProject
Global
	GlobalSection(SolutionConfigurationPlatforms) = preSolution
		Debug|Any CPU = Debug|Any CPU
		Release|Any CPU = Release|Any CPU
	EndGlobalSection
	GlobalSection(ProjectConfigurationPlatforms) = postSolution
		{C773A357-015B-4361-944B-015446AFD1E8}.Debug|Any CPU.ActiveCfg = Debug|Any CPU
		{C773A357-015B-4361-944B-015446AFD1E8}.Debug|Any CPU.Build.0 = Debug|Any CPU
		{C773A357-015B-4361-944B-015446AFD1E8}.Release|Any CPU.ActiveCfg = Release|Any CPU
		{C773A357-015B-4361-944B-015446AFD1E8}.Release|Any CPU.Build.0 = Release|Any CPU
	EndGlobalSection
	GlobalSection(SolutionProperties) = preSolution
		HideSolutionNode = FALSE
	EndGlobalSection
	GlobalSection(ExtensibilityGlobals) = postSolution
		SolutionGuid = {E8BEE2A0-F213-4745-8484-9BCBE7C7B5AE}
	EndGlobalSection
EndGlobal
